
Microsoft Visual Studio Solution File, Format Version 12.00
# Visual Studio Version 17
VisualStudioVersion = 17.9.34728.123
MinimumVisualStudioVersion = 10.0.40219.1
Project("{9A19103F-16F7-4668-BE54-9A1E7A4F7556}") = "IDServer", "IDServer\IDServer.csproj", "{1EF611D8-0DD0-4535-AD5C-1D1462E86E14}"
EndProject
Project("{FAE04EC0-301F-11D3-BF4B-00C04F79EFBC}") = "Api", "Api\Api.csproj", "{FCA56BD4-9564-4F6E-82EE-D2DC8CAE4376}"
EndProject
Project("{FAE04EC0-301F-11D3-BF4B-00C04F79EFBC}") = "WebClient", "WebClient\WebClient.csproj", "{95FBD5D8-9F13-47EF-A4F5-AD497B98E90B}"
EndProject
Global
	GlobalSection(SolutionConfigurationPlatforms) = preSolution
		Debug|Any CPU = Debug|Any CPU
		Release|Any CPU = Release|Any CPU
	EndGlobalSection
	GlobalSection(ProjectConfigurationPlatforms) = postSolution
		{1EF611D8-0DD0-4535-AD5C-1D1462E86E14}.Debug|Any CPU.ActiveCfg = Debug|Any CPU
		{1EF611D8-0DD0-4535-AD5C-1D1462E86E14}.Debug|Any CPU.Build.0 = Debug|Any CPU
		{1EF611D8-0DD0-4535-AD5C-1D1462E86E14}.Release|Any CPU.ActiveCfg = Release|Any CPU
		{1EF611D8-0DD0-4535-AD5C-1D1462E86E14}.Release|Any CPU.Build.0 = Release|Any CPU
		{FCA56BD4-9564-4F6E-82EE-D2DC8CAE4376}.Debug|Any CPU.ActiveCfg = Debug|Any CPU
		{FCA56BD4-9564-4F6E-82EE-D2DC8CAE4376}.Debug|Any CPU.Build.0 = Debug|Any CPU
		{FCA56BD4-9564-4F6E-82EE-D2DC8CAE4376}.Release|Any CPU.ActiveCfg = Release|Any CPU
		{FCA56BD4-9564-4F6E-82EE-D2DC8CAE4376}.Release|Any CPU.Build.0 = Release|Any CPU
		{95FBD5D8-9F13-47EF-A4F5-AD497B98E90B}.Debug|Any CPU.ActiveCfg = Debug|Any CPU
		{95FBD5D8-9F13-47EF-A4F5-AD497B98E90B}.Debug|Any CPU.Build.0 = Debug|Any CPU
		{95FBD5D8-9F13-47EF-A4F5-AD497B98E90B}.Release|Any CPU.ActiveCfg = Release|Any CPU
		{95FBD5D8-9F13-47EF-A4F5-AD497B98E90B}.Release|Any CPU.Build.0 = Release|Any CPU
	EndGlobalSection
	GlobalSection(SolutionProperties) = preSolution
		HideSolutionNode = FALSE
	EndGlobalSection
	GlobalSection(ExtensibilityGlobals) = postSolution
		SolutionGuid = {FAD04360-1950-4B62-9E79-14132044694A}
	EndGlobalSection
EndGlobal
